// !$*UTF8*$!
{
	archiveVersion = 1;
	classes = {
	};
	objectVersion = 56;
	objects = {

/* Begin PBXBuildFile section */
		615F78DA2A8F2FB700722CDF /* BuffetMenuBoardApp.swift in Sources */ = {isa = PBXBuildFile; fileRef = 615F78D92A8F2FB700722CDF /* BuffetMenuBoardApp.swift */; };
		615F78DC2A8F2FB700722CDF /* ContentView.swift in Sources */ = {isa = PBXBuildFile; fileRef = 615F78DB2A8F2FB700722CDF /* ContentView.swift */; };
		615F78DE2A8F2FB900722CDF /* Assets.xcassets in Resources */ = {isa = PBXBuildFile; fileRef = 615F78DD2A8F2FB900722CDF /* Assets.xcassets */; };
		615F78E12A8F2FB900722CDF /* Preview Assets.xcassets in Resources */ = {isa = PBXBuildFile; fileRef = 615F78E02A8F2FB900722CDF /* Preview Assets.xcassets */; };
		615F78EB2A8F2FB900722CDF /* BuffetMenuBoardTests.swift in Sources */ = {isa = PBXBuildFile; fileRef = 615F78EA2A8F2FB900722CDF /* BuffetMenuBoardTests.swift */; };
		615F78F52A8F2FB900722CDF /* BuffetMenuBoardUITests.swift in Sources */ = {isa = PBXBuildFile; fileRef = 615F78F42A8F2FB900722CDF /* BuffetMenuBoardUITests.swift */; };
		615F78F72A8F2FB900722CDF /* BuffetMenuBoardUITestsLaunchTests.swift in Sources */ = {isa = PBXBuildFile; fileRef = 615F78F62A8F2FB900722CDF /* BuffetMenuBoardUITestsLaunchTests.swift */; };
		615F79042A8F2FE800722CDF /* GoogleService-Info.plist in Resources */ = {isa = PBXBuildFile; fileRef = 615F79032A8F2FE700722CDF /* GoogleService-Info.plist */; };
/* End PBXBuildFile section */

/* Begin PBXContainerItemProxy section */
		615F78E72A8F2FB900722CDF /* PBXContainerItemProxy */ = {
			isa = PBXContainerItemProxy;
			containerPortal = 615F78CE2A8F2FB700722CDF /* Project object */;
			proxyType = 1;
			remoteGlobalIDString = 615F78D52A8F2FB700722CDF;
			remoteInfo = BuffetMenuBoard;
		};
		615F78F12A8F2FB900722CDF /* PBXContainerItemProxy */ = {
			isa = PBXContainerItemProxy;
			containerPortal = 615F78CE2A8F2FB700722CDF /* Project object */;
			proxyType = 1;
			remoteGlobalIDString = 615F78D52A8F2FB700722CDF;
			remoteInfo = BuffetMenuBoard;
		};
/* End PBXContainerItemProxy section */

/* Begin PBXFileReference section */
		615F78D62A8F2FB700722CDF /* BuffetMenuBoard.app */ = {isa = PBXFileReference; explicitFileType = wrapper.application; includeInIndex = 0; path = BuffetMenuBoard.app; sourceTree = BUILT_PRODUCTS_DIR; };
		615F78D92A8F2FB700722CDF /* BuffetMenuBoardApp.swift */ = {isa = PBXFileReference; lastKnownFileType = sourcecode.swift; path = BuffetMenuBoardApp.swift; sourceTree = "<group>"; };
		615F78DB2A8F2FB700722CDF /* ContentView.swift */ = {isa = PBXFileReference; lastKnownFileType = sourcecode.swift; path = ContentView.swift; sourceTree = "<group>"; };
		615F78DD2A8F2FB900722CDF /* Assets.xcassets */ = {isa = PBXFileReference; lastKnownFileType = folder.assetcatalog; path = Assets.xcassets; sourceTree = "<group>"; };
		615F78E02A8F2FB900722CDF /* Preview Assets.xcassets */ = {isa = PBXFileReference; lastKnownFileType = folder.assetcatalog; path = "Preview Assets.xcassets"; sourceTree = "<group>"; };
		615F78E62A8F2FB900722CDF /* BuffetMenuBoardTests.xctest */ = {isa = PBXFileReference; explicitFileType = wrapper.cfbundle; includeInIndex = 0; path = BuffetMenuBoardTests.xctest; sourceTree = BUILT_PRODUCTS_DIR; };
		615F78EA2A8F2FB900722CDF /* BuffetMenuBoardTests.swift */ = {isa = PBXFileReference; lastKnownFileType = sourcecode.swift; path = BuffetMenuBoardTests.swift; sourceTree = "<group>"; };
		615F78F02A8F2FB900722CDF /* BuffetMenuBoardUITests.xctest */ = {isa = PBXFileReference; explicitFileType = wrapper.cfbundle; includeInIndex = 0; path = BuffetMenuBoardUITests.xctest; sourceTree = BUILT_PRODUCTS_DIR; };
		615F78F42A8F2FB900722CDF /* BuffetMenuBoardUITests.swift */ = {isa = PBXFileReference; lastKnownFileType = sourcecode.swift; path = BuffetMenuBoardUITests.swift; sourceTree = "<group>"; };
		615F78F62A8F2FB900722CDF /* BuffetMenuBoardUITestsLaunchTests.swift */ = {isa = PBXFileReference; lastKnownFileType = sourcecode.swift; path = BuffetMenuBoardUITestsLaunchTests.swift; sourceTree = "<group>"; };
		615F79032A8F2FE700722CDF /* GoogleService-Info.plist */ = {isa = PBXFileReference; fileEncoding = 4; lastKnownFileType = text.plist.xml; path = "GoogleService-Info.plist"; sourceTree = "<group>"; };
/* End PBXFileReference section */

/* Begin PBXFrameworksBuildPhase section */
		615F78D32A8F2FB700722CDF /* Frameworks */ = {
			isa = PBXFrameworksBuildPhase;
			buildActionMask = 2147483647;
			files = (
			);
			runOnlyForDeploymentPostprocessing = 0;
		};
		615F78E32A8F2FB900722CDF /* Frameworks */ = {
			isa = PBXFrameworksBuildPhase;
			buildActionMask = 2147483647;
			files = (
			);
			runOnlyForDeploymentPostprocessing = 0;
		};
		615F78ED2A8F2FB900722CDF /* Frameworks */ = {
			isa = PBXFrameworksBuildPhase;
			buildActionMask = 2147483647;
			files = (
			);
			runOnlyForDeploymentPostprocessing = 0;
		};
/* End PBXFrameworksBuildPhase section */

/* Begin PBXGroup section */
		615F78CD2A8F2FB700722CDF = {
			isa = PBXGroup;
			children = (
				615F78D82A8F2FB700722CDF /* BuffetMenuBoard */,
				615F78E92A8F2FB900722CDF /* BuffetMenuBoardTests */,
				615F78F32A8F2FB900722CDF /* BuffetMenuBoardUITests */,
				615F78D72A8F2FB700722CDF /* Products */,
			);
			sourceTree = "<group>";
		};
		615F78D72A8F2FB700722CDF /* Products */ = {
			isa = PBXGroup;
			children = (
				615F78D62A8F2FB700722CDF /* BuffetMenuBoard.app */,
				615F78E62A8F2FB900722CDF /* BuffetMenuBoardTests.xctest */,
				615F78F02A8F2FB900722CDF /* BuffetMenuBoardUITests.xctest */,
			);
			name = Products;
			sourceTree = "<group>";
		};
		615F78D82A8F2FB700722CDF /* BuffetMenuBoard */ = {
			isa = PBXGroup;
			children = (
				615F79032A8F2FE700722CDF /* GoogleService-Info.plist */,
				615F78D92A8F2FB700722CDF /* BuffetMenuBoardApp.swift */,
				615F78DB2A8F2FB700722CDF /* ContentView.swift */,
				615F78DD2A8F2FB900722CDF /* Assets.xcassets */,
				615F78DF2A8F2FB900722CDF /* Preview Content */,
			);
			path = BuffetMenuBoard;
			sourceTree = "<group>";
		};
		615F78DF2A8F2FB900722CDF /* Preview Content */ = {
			isa = PBXGroup;
			children = (
				615F78E02A8F2FB900722CDF /* Preview Assets.xcassets */,
			);
			path = "Preview Content";
			sourceTree = "<group>";
		};
		615F78E92A8F2FB900722CDF /* BuffetMenuBoardTests */ = {
			isa = PBXGroup;
			children = (
				615F78EA2A8F2FB900722CDF /* BuffetMenuBoardTests.swift */,
			);
			path = BuffetMenuBoardTests;
			sourceTree = "<group>";
		};
		615F78F32A8F2FB900722CDF /* BuffetMenuBoardUITests */ = {
			isa = PBXGroup;
			children = (
				615F78F42A8F2FB900722CDF /* BuffetMenuBoardUITests.swift */,
				615F78F62A8F2FB900722CDF /* BuffetMenuBoardUITestsLaunchTests.swift */,
			);
			path = BuffetMenuBoardUITests;
			sourceTree = "<group>";
		};
/* End PBXGroup section */

/* Begin PBXNativeTarget section */
		615F78D52A8F2FB700722CDF /* BuffetMenuBoard */ = {
			isa = PBXNativeTarget;
			buildConfigurationList = 615F78FA2A8F2FB900722CDF /* Build configuration list for PBXNativeTarget "BuffetMenuBoard" */;
			buildPhases = (
				615F78D22A8F2FB700722CDF /* Sources */,
				615F78D32A8F2FB700722CDF /* Frameworks */,
				615F78D42A8F2FB700722CDF /* Resources */,
			);
			buildRules = (
			);
			dependencies = (
			);
			name = BuffetMenuBoard;
			productName = BuffetMenuBoard;
			productReference = 615F78D62A8F2FB700722CDF /* BuffetMenuBoard.app */;
			productType = "com.apple.product-type.application";
		};
		615F78E52A8F2FB900722CDF /* BuffetMenuBoardTests */ = {
			isa = PBXNativeTarget;
			buildConfigurationList = 615F78FD2A8F2FB900722CDF /* Build configuration list for PBXNativeTarget "BuffetMenuBoardTests" */;
			buildPhases = (
				615F78E22A8F2FB900722CDF /* Sources */,
				615F78E32A8F2FB900722CDF /* Frameworks */,
				615F78E42A8F2FB900722CDF /* Resources */,
			);
			buildRules = (
			);
			dependencies = (
				615F78E82A8F2FB900722CDF /* PBXTargetDependency */,
			);
			name = BuffetMenuBoardTests;
			productName = BuffetMenuBoardTests;
			productReference = 615F78E62A8F2FB900722CDF /* BuffetMenuBoardTests.xctest */;
			productType = "com.apple.product-type.bundle.unit-test";
		};
		615F78EF2A8F2FB900722CDF /* BuffetMenuBoardUITests */ = {
			isa = PBXNativeTarget;
			buildConfigurationList = 615F79002A8F2FB900722CDF /* Build configuration list for PBXNativeTarget "BuffetMenuBoardUITests" */;
			buildPhases = (
				615F78EC2A8F2FB900722CDF /* Sources */,
				615F78ED2A8F2FB900722CDF /* Frameworks */,
				615F78EE2A8F2FB900722CDF /* Resources */,
			);
			buildRules = (
			);
			dependencies = (
				615F78F22A8F2FB900722CDF /* PBXTargetDependency */,
			);
			name = BuffetMenuBoardUITests;
			productName = BuffetMenuBoardUITests;
			productReference = 615F78F02A8F2FB900722CDF /* BuffetMenuBoardUITests.xctest */;
			productType = "com.apple.product-type.bundle.ui-testing";
		};
/* End PBXNativeTarget section */

/* Begin PBXProject section */
		615F78CE2A8F2FB700722CDF /* Project object */ = {
			isa = PBXProject;
			attributes = {
				BuildIndependentTargetsInParallel = 1;
				LastSwiftUpdateCheck = 1430;
				LastUpgradeCheck = 1430;
				TargetAttributes = {
					615F78D52A8F2FB700722CDF = {
						CreatedOnToolsVersion = 14.3.1;
					};
					615F78E52A8F2FB900722CDF = {
						CreatedOnToolsVersion = 14.3.1;
						TestTargetID = 615F78D52A8F2FB700722CDF;
					};
					615F78EF2A8F2FB900722CDF = {
						CreatedOnToolsVersion = 14.3.1;
						TestTargetID = 615F78D52A8F2FB700722CDF;
					};
				};
			};
			buildConfigurationList = 615F78D12A8F2FB700722CDF /* Build configuration list for PBXProject "BuffetMenuBoard" */;
			compatibilityVersion = "Xcode 14.0";
			developmentRegion = en;
			hasScannedForEncodings = 0;
			knownRegions = (
				en,
				Base,
			);
			mainGroup = 615F78CD2A8F2FB700722CDF;
			productRefGroup = 615F78D72A8F2FB700722CDF /* Products */;
			projectDirPath = "";
			projectRoot = "";
			targets = (
				615F78D52A8F2FB700722CDF /* BuffetMenuBoard */,
				615F78E52A8F2FB900722CDF /* BuffetMenuBoardTests */,
				615F78EF2A8F2FB900722CDF /* BuffetMenuBoardUITests */,
			);
		};
/* End PBXProject section */

/* Begin PBXResourcesBuildPhase section */
		615F78D42A8F2FB700722CDF /* Resources */ = {
			isa = PBXResourcesBuildPhase;
			buildActionMask = 2147483647;
			files = (
				615F78E12A8F2FB900722CDF /* Preview Assets.xcassets in Resources */,
				615F78DE2A8F2FB900722CDF /* Assets.xcassets in Resources */,
				615F79042A8F2FE800722CDF /* GoogleService-Info.plist in Resources */,
			);
			runOnlyForDeploymentPostprocessing = 0;
		};
		615F78E42A8F2FB900722CDF /* Resources */ = {
			isa = PBXResourcesBuildPhase;
			buildActionMask = 2147483647;
			files = (
			);
			runOnlyForDeploymentPostprocessing = 0;
		};
		615F78EE2A8F2FB900722CDF /* Resources */ = {
			isa = PBXResourcesBuildPhase;
			buildActionMask = 2147483647;
			files = (
			);
			runOnlyForDeploymentPostprocessing = 0;
		};
/* End PBXResourcesBuildPhase section */

/* Begin PBXSourcesBuildPhase section */
		615F78D22A8F2FB700722CDF /* Sources */ = {
			isa = PBXSourcesBuildPhase;
			buildActionMask = 2147483647;
			files = (
				615F78DC2A8F2FB700722CDF /* ContentView.swift in Sources */,
				615F78DA2A8F2FB700722CDF /* BuffetMenuBoardApp.swift in Sources */,
			);
			runOnlyForDeploymentPostprocessing = 0;
		};
		615F78E22A8F2FB900722CDF /* Sources */ = {
			isa = PBXSourcesBuildPhase;
			buildActionMask = 2147483647;
			files = (
				615F78EB2A8F2FB900722CDF /* BuffetMenuBoardTests.swift in Sources */,
			);
			runOnlyForDeploymentPostprocessing = 0;
		};
		615F78EC2A8F2FB900722CDF /* Sources */ = {
			isa = PBXSourcesBuildPhase;
			buildActionMask = 2147483647;
			files = (
				615F78F72A8F2FB900722CDF /* BuffetMenuBoardUITestsLaunchTests.swift in Sources */,
				615F78F52A8F2FB900722CDF /* BuffetMenuBoardUITests.swift in Sources */,
			);
			runOnlyForDeploymentPostprocessing = 0;
		};
/* End PBXSourcesBuildPhase section */

/* Begin PBXTargetDependency section */
		615F78E82A8F2FB900722CDF /* PBXTargetDependency */ = {
			isa = PBXTargetDependency;
			target = 615F78D52A8F2FB700722CDF /* BuffetMenuBoard */;
			targetProxy = 615F78E72A8F2FB900722CDF /* PBXContainerItemProxy */;
		};
		615F78F22A8F2FB900722CDF /* PBXTargetDependency */ = {
			isa = PBXTargetDependency;
			target = 615F78D52A8F2FB700722CDF /* BuffetMenuBoard */;
			targetProxy = 615F78F12A8F2FB900722CDF /* PBXContainerItemProxy */;
		};
/* End PBXTargetDependency section */

/* Begin XCBuildConfiguration section */
		615F78F82A8F2FB900722CDF /* Debug */ = {
			isa = XCBuildConfiguration;
			buildSettings = {
				ALWAYS_SEARCH_USER_PATHS = NO;
				CLANG_ANALYZER_NONNULL = YES;
				CLANG_ANALYZER_NUMBER_OBJECT_CONVERSION = YES_AGGRESSIVE;
				CLANG_CXX_LANGUAGE_STANDARD = "gnu++20";
				CLANG_ENABLE_MODULES = YES;
				CLANG_ENABLE_OBJC_ARC = YES;
				CLANG_ENABLE_OBJC_WEAK = YES;
				CLANG_WARN_BLOCK_CAPTURE_AUTORELEASING = YES;
				CLANG_WARN_BOOL_CONVERSION = YES;
				CLANG_WARN_COMMA = YES;
				CLANG_WARN_CONSTANT_CONVERSION = YES;
				CLANG_WARN_DEPRECATED_OBJC_IMPLEMENTATIONS = YES;
				CLANG_WARN_DIRECT_OBJC_ISA_USAGE = YES_ERROR;
				CLANG_WARN_DOCUMENTATION_COMMENTS = YES;
				CLANG_WARN_EMPTY_BODY = YES;
				CLANG_WARN_ENUM_CONVERSION = YES;
				CLANG_WARN_INFINITE_RECURSION = YES;
				CLANG_WARN_INT_CONVERSION = YES;
				CLANG_WARN_NON_LITERAL_NULL_CONVERSION = YES;
				CLANG_WARN_OBJC_IMPLICIT_RETAIN_SELF = YES;
				CLANG_WARN_OBJC_LITERAL_CONVERSION = YES;
				CLANG_WARN_OBJC_ROOT_CLASS = YES_ERROR;
				CLANG_WARN_QUOTED_INCLUDE_IN_FRAMEWORK_HEADER = YES;
				CLANG_WARN_RANGE_LOOP_ANALYSIS = YES;
				CLANG_WARN_STRICT_PROTOTYPES = YES;
				CLANG_WARN_SUSPICIOUS_MOVE = YES;
				CLANG_WARN_UNGUARDED_AVAILABILITY = YES_AGGRESSIVE;
				CLANG_WARN_UNREACHABLE_CODE = YES;
				CLANG_WARN__DUPLICATE_METHOD_MATCH = YES;
				COPY_PHASE_STRIP = NO;
				DEBUG_INFORMATION_FORMAT = dwarf;
				ENABLE_STRICT_OBJC_MSGSEND = YES;
				ENABLE_TESTABILITY = YES;
				GCC_C_LANGUAGE_STANDARD = gnu11;
				GCC_DYNAMIC_NO_PIC = NO;
				GCC_NO_COMMON_BLOCKS = YES;
				GCC_OPTIMIZATION_LEVEL = 0;
				GCC_PREPROCESSOR_DEFINITIONS = (
					"DEBUG=1",
					"$(inherited)",
				);
				GCC_WARN_64_TO_32_BIT_CONVERSION = YES;
				GCC_WARN_ABOUT_RETURN_TYPE = YES_ERROR;
				GCC_WARN_UNDECLARED_SELECTOR = YES;
				GCC_WARN_UNINITIALIZED_AUTOS = YES_AGGRESSIVE;
				GCC_WARN_UNUSED_FUNCTION = YES;
				GCC_WARN_UNUSED_VARIABLE = YES;
				IPHONEOS_DEPLOYMENT_TARGET = 16.4;
				MTL_ENABLE_DEBUG_INFO = INCLUDE_SOURCE;
				MTL_FAST_MATH = YES;
				ONLY_ACTIVE_ARCH = YES;
				SDKROOT = iphoneos;
				SWIFT_ACTIVE_COMPILATION_CONDITIONS = DEBUG;
				SWIFT_OPTIMIZATION_LEVEL = "-Onone";
			};
			name = Debug;
		};
		615F78F92A8F2FB900722CDF /* Release */ = {
			isa = XCBuildConfiguration;
			buildSettings = {
				ALWAYS_SEARCH_USER_PATHS = NO;
				CLANG_ANALYZER_NONNULL = YES;
				CLANG_ANALYZER_NUMBER_OBJECT_CONVERSION = YES_AGGRESSIVE;
				CLANG_CXX_LANGUAGE_STANDARD = "gnu++20";
				CLANG_ENABLE_MODULES = YES;
				CLANG_ENABLE_OBJC_ARC = YES;
				CLANG_ENABLE_OBJC_WEAK = YES;
				CLANG_WARN_BLOCK_CAPTURE_AUTORELEASING = YES;
				CLANG_WARN_BOOL_CONVERSION = YES;
				CLANG_WARN_COMMA = YES;
				CLANG_WARN_CONSTANT_CONVERSION = YES;
				CLANG_WARN_DEPRECATED_OBJC_IMPLEMENTATIONS = YES;
				CLANG_WARN_DIRECT_OBJC_ISA_USAGE = YES_ERROR;
				CLANG_WARN_DOCUMENTATION_COMMENTS = YES;
				CLANG_WARN_EMPTY_BODY = YES;
				CLANG_WARN_ENUM_CONVERSION = YES;
				CLANG_WARN_INFINITE_RECURSION = YES;
				CLANG_WARN_INT_CONVERSION = YES;
				CLANG_WARN_NON_LITERAL_NULL_CONVERSION = YES;
				CLANG_WARN_OBJC_IMPLICIT_RETAIN_SELF = YES;
				CLANG_WARN_OBJC_LITERAL_CONVERSION = YES;
				CLANG_WARN_OBJC_ROOT_CLASS = YES_ERROR;
				CLANG_WARN_QUOTED_INCLUDE_IN_FRAMEWORK_HEADER = YES;
				CLANG_WARN_RANGE_LOOP_ANALYSIS = YES;
				CLANG_WARN_STRICT_PROTOTYPES = YES;
				CLANG_WARN_SUSPICIOUS_MOVE = YES;
				CLANG_WARN_UNGUARDED_AVAILABILITY = YES_AGGRESSIVE;
				CLANG_WARN_UNREACHABLE_CODE = YES;
				CLANG_WARN__DUPLICATE_METHOD_MATCH = YES;
				COPY_PHASE_STRIP = NO;
				DEBUG_INFORMATION_FORMAT = "dwarf-with-dsym";
				ENABLE_NS_ASSERTIONS = NO;
				ENABLE_STRICT_OBJC_MSGSEND = YES;
				GCC_C_LANGUAGE_STANDARD = gnu11;
				GCC_NO_COMMON_BLOCKS = YES;
				GCC_WARN_64_TO_32_BIT_CONVERSION = YES;
				GCC_WARN_ABOUT_RETURN_TYPE = YES_ERROR;
				GCC_WARN_UNDECLARED_SELECTOR = YES;
				GCC_WARN_UNINITIALIZED_AUTOS = YES_AGGRESSIVE;
				GCC_WARN_UNUSED_FUNCTION = YES;
				GCC_WARN_UNUSED_VARIABLE = YES;
				IPHONEOS_DEPLOYMENT_TARGET = 16.4;
				MTL_ENABLE_DEBUG_INFO = NO;
				MTL_FAST_MATH = YES;
				SDKROOT = iphoneos;
				SWIFT_COMPILATION_MODE = wholemodule;
				SWIFT_OPTIMIZATION_LEVEL = "-O";
				VALIDATE_PRODUCT = YES;
			};
			name = Release;
		};
		615F78FB2A8F2FB900722CDF /* Debug */ = {
			isa = XCBuildConfiguration;
			buildSettings = {
				ASSETCATALOG_COMPILER_APPICON_NAME = AppIcon;
				ASSETCATALOG_COMPILER_GLOBAL_ACCENT_COLOR_NAME = AccentColor;
				CODE_SIGN_STYLE = Automatic;
				CURRENT_PROJECT_VERSION = 1;
				DEVELOPMENT_ASSET_PATHS = "\"BuffetMenuBoard/Preview Content\"";
				ENABLE_PREVIEWS = YES;
				GENERATE_INFOPLIST_FILE = YES;
				INFOPLIST_KEY_UIApplicationSceneManifest_Generation = YES;
				INFOPLIST_KEY_UIApplicationSupportsIndirectInputEvents = YES;
				INFOPLIST_KEY_UILaunchScreen_Generation = YES;
				INFOPLIST_KEY_UISupportedInterfaceOrientations_iPad = "UIInterfaceOrientationPortrait UIInterfaceOrientationPortraitUpsideDown UIInterfaceOrientationLandscapeLeft UIInterfaceOrientationLandscapeRight";
				INFOPLIST_KEY_UISupportedInterfaceOrientations_iPhone = "UIInterfaceOrientationPortrait UIInterfaceOrientationLandscapeLeft UIInterfaceOrientationLandscapeRight";
				LD_RUNPATH_SEARCH_PATHS = (
					"$(inherited)",
					"@executable_path/Frameworks",
				);
				MARKETING_VERSION = 1.0;
				PRODUCT_BUNDLE_IDENTIFIER = com.deblur.BuffetMenuBoard;
				PRODUCT_NAME = "$(TARGET_NAME)";
				SWIFT_EMIT_LOC_STRINGS = YES;
				SWIFT_VERSION = 5.0;
				TARGETED_DEVICE_FAMILY = "1,2";
			};
			name = Debug;
		};
		615F78FC2A8F2FB900722CDF /* Release */ = {
			isa = XCBuildConfiguration;
			buildSettings = {
				ASSETCATALOG_COMPILER_APPICON_NAME = AppIcon;
				ASSETCATALOG_COMPILER_GLOBAL_ACCENT_COLOR_NAME = AccentColor;
				CODE_SIGN_STYLE = Automatic;
				CURRENT_PROJECT_VERSION = 1;
				DEVELOPMENT_ASSET_PATHS = "\"BuffetMenuBoard/Preview Content\"";
				ENABLE_PREVIEWS = YES;
				GENERATE_INFOPLIST_FILE = YES;
				INFOPLIST_KEY_UIApplicationSceneManifest_Generation = YES;
				INFOPLIST_KEY_UIApplicationSupportsIndirectInputEvents = YES;
				INFOPLIST_KEY_UILaunchScreen_Generation = YES;
				INFOPLIST_KEY_UISupportedInterfaceOrientations_iPad = "UIInterfaceOrientationPortrait UIInterfaceOrientationPortraitUpsideDown UIInterfaceOrientationLandscapeLeft UIInterfaceOrientationLandscapeRight";
				INFOPLIST_KEY_UISupportedInterfaceOrientations_iPhone = "UIInterfaceOrientationPortrait UIInterfaceOrientationLandscapeLeft UIInterfaceOrientationLandscapeRight";
				LD_RUNPATH_SEARCH_PATHS = (
					"$(inherited)",
					"@executable_path/Frameworks",
				);
				MARKETING_VERSION = 1.0;
				PRODUCT_BUNDLE_IDENTIFIER = com.deblur.BuffetMenuBoard;
				PRODUCT_NAME = "$(TARGET_NAME)";
				SWIFT_EMIT_LOC_STRINGS = YES;
				SWIFT_VERSION = 5.0;
				TARGETED_DEVICE_FAMILY = "1,2";
			};
			name = Release;
		};
		615F78FE2A8F2FB900722CDF /* Debug */ = {
			isa = XCBuildConfiguration;
			buildSettings = {
				ALWAYS_EMBED_SWIFT_STANDARD_LIBRARIES = YES;
				BUNDLE_LOADER = "$(TEST_HOST)";
				CODE_SIGN_STYLE = Automatic;
				CURRENT_PROJECT_VERSION = 1;
				GENERATE_INFOPLIST_FILE = YES;
				IPHONEOS_DEPLOYMENT_TARGET = 16.4;
				MARKETING_VERSION = 1.0;
				PRODUCT_BUNDLE_IDENTIFIER = com.deblur.BuffetMenuBoardTests;
				PRODUCT_NAME = "$(TARGET_NAME)";
				SWIFT_EMIT_LOC_STRINGS = NO;
				SWIFT_VERSION = 5.0;
				TARGETED_DEVICE_FAMILY = "1,2";
				TEST_HOST = "$(BUILT_PRODUCTS_DIR)/BuffetMenuBoard.app/$(BUNDLE_EXECUTABLE_FOLDER_PATH)/BuffetMenuBoard";
			};
			name = Debug;
		};
		615F78FF2A8F2FB900722CDF /* Release */ = {
			isa = XCBuildConfiguration;
			buildSettings = {
				ALWAYS_EMBED_SWIFT_STANDARD_LIBRARIES = YES;
				BUNDLE_LOADER = "$(TEST_HOST)";
				CODE_SIGN_STYLE = Automatic;
				CURRENT_PROJECT_VERSION = 1;
				GENERATE_INFOPLIST_FILE = YES;
				IPHONEOS_DEPLOYMENT_TARGET = 16.4;
				MARKETING_VERSION = 1.0;
				PRODUCT_BUNDLE_IDENTIFIER = com.deblur.BuffetMenuBoardTests;
				PRODUCT_NAME = "$(TARGET_NAME)";
				SWIFT_EMIT_LOC_STRINGS = NO;
				SWIFT_VERSION = 5.0;
				TARGETED_DEVICE_FAMILY = "1,2";
				TEST_HOST = "$(BUILT_PRODUCTS_DIR)/BuffetMenuBoard.app/$(BUNDLE_EXECUTABLE_FOLDER_PATH)/BuffetMenuBoard";
			};
			name = Release;
		};
		615F79012A8F2FB900722CDF /* Debug */ = {
			isa = XCBuildConfiguration;
			buildSettings = {
				ALWAYS_EMBED_SWIFT_STANDARD_LIBRARIES = YES;
				CODE_SIGN_STYLE = Automatic;
				CURRENT_PROJECT_VERSION = 1;
				GENERATE_INFOPLIST_FILE = YES;
				MARKETING_VERSION = 1.0;
				PRODUCT_BUNDLE_IDENTIFIER = com.deblur.BuffetMenuBoardUITests;
				PRODUCT_NAME = "$(TARGET_NAME)";
				SWIFT_EMIT_LOC_STRINGS = NO;
				SWIFT_VERSION = 5.0;
				TARGETED_DEVICE_FAMILY = "1,2";
				TEST_TARGET_NAME = BuffetMenuBoard;
			};
			name = Debug;
		};
		615F79022A8F2FB900722CDF /* Release */ = {
			isa = XCBuildConfiguration;
			buildSettings = {
				ALWAYS_EMBED_SWIFT_STANDARD_LIBRARIES = YES;
				CODE_SIGN_STYLE = Automatic;
				CURRENT_PROJECT_VERSION = 1;
				GENERATE_INFOPLIST_FILE = YES;
				MARKETING_VERSION = 1.0;
				PRODUCT_BUNDLE_IDENTIFIER = com.deblur.BuffetMenuBoardUITests;
				PRODUCT_NAME = "$(TARGET_NAME)";
				SWIFT_EMIT_LOC_STRINGS = NO;
				SWIFT_VERSION = 5.0;
				TARGETED_DEVICE_FAMILY = "1,2";
				TEST_TARGET_NAME = BuffetMenuBoard;
			};
			name = Release;
		};
/* End XCBuildConfiguration section */

/* Begin XCConfigurationList section */
		615F78D12A8F2FB700722CDF /* Build configuration list for PBXProject "BuffetMenuBoard" */ = {
			isa = XCConfigurationList;
			buildConfigurations = (
				615F78F82A8F2FB900722CDF /* Debug */,
				615F78F92A8F2FB900722CDF /* Release */,
			);
			defaultConfigurationIsVisible = 0;
			defaultConfigurationName = Release;
		};
		615F78FA2A8F2FB900722CDF /* Build configuration list for PBXNativeTarget "BuffetMenuBoard" */ = {
			isa = XCConfigurationList;
			buildConfigurations = (
				615F78FB2A8F2FB900722CDF /* Debug */,
				615F78FC2A8F2FB900722CDF /* Release */,
			);
			defaultConfigurationIsVisible = 0;
			defaultConfigurationName = Release;
		};
		615F78FD2A8F2FB900722CDF /* Build configuration list for PBXNativeTarget "BuffetMenuBoardTests" */ = {
			isa = XCConfigurationList;
			buildConfigurations = (
				615F78FE2A8F2FB900722CDF /* Debug */,
				615F78FF2A8F2FB900722CDF /* Release */,
			);
			defaultConfigurationIsVisible = 0;
			defaultConfigurationName = Release;
		};
		615F79002A8F2FB900722CDF /* Build configuration list for PBXNativeTarget "BuffetMenuBoardUITests" */ = {
			isa = XCConfigurationList;
			buildConfigurations = (
				615F79012A8F2FB900722CDF /* Debug */,
				615F79022A8F2FB900722CDF /* Release */,
			);
			defaultConfigurationIsVisible = 0;
			defaultConfigurationName = Release;
		};
/* End XCConfigurationList section */
	};
	rootObject = 615F78CE2A8F2FB700722CDF /* Project object */;
}
